
Microsoft Visual Studio Solution File, Format Version 12.00
# Visual Studio Version 17
VisualStudioVersion = 17.7.34018.315
MinimumVisualStudioVersion = 10.0.40219.1
Project("{9A19103F-16F7-4668-BE54-9A1E7A4F7556}") = "NewsAggregatingProject.MVC7", "NewsAggregatingProject\NewsAggregatingProject.MVC7.csproj", "{A34160CC-AAA5-4824-BD28-F8F2A1B5C5EE}"
EndProject
Project("{9A19103F-16F7-4668-BE54-9A1E7A4F7556}") = "NewsAggregatingProject.Data", "NewsAggregating.Data\NewsAggregatingProject.Data.csproj", "{ABB92218-FB79-4BC0-9696-5FA0B9DC4A2E}"
EndProject
Project("{FAE04EC0-301F-11D3-BF4B-00C04F79EFBC}") = "NewAggregating.Repositories", "NewAggregating.Repsitories\NewAggregating.Repositories.csproj", "{B6C47047-6C07-4A9A-990D-26DE857DD9A2}"
EndProject
Global
	GlobalSection(SolutionConfigurationPlatforms) = preSolution
		Debug|Any CPU = Debug|Any CPU
		Release|Any CPU = Release|Any CPU
	EndGlobalSection
	GlobalSection(ProjectConfigurationPlatforms) = postSolution
		{A34160CC-AAA5-4824-BD28-F8F2A1B5C5EE}.Debug|Any CPU.ActiveCfg = Debug|Any CPU
		{A34160CC-AAA5-4824-BD28-F8F2A1B5C5EE}.Debug|Any CPU.Build.0 = Debug|Any CPU
		{A34160CC-AAA5-4824-BD28-F8F2A1B5C5EE}.Release|Any CPU.ActiveCfg = Release|Any CPU
		{A34160CC-AAA5-4824-BD28-F8F2A1B5C5EE}.Release|Any CPU.Build.0 = Release|Any CPU
		{ABB92218-FB79-4BC0-9696-5FA0B9DC4A2E}.Debug|Any CPU.ActiveCfg = Debug|Any CPU
		{ABB92218-FB79-4BC0-9696-5FA0B9DC4A2E}.Debug|Any CPU.Build.0 = Debug|Any CPU
		{ABB92218-FB79-4BC0-9696-5FA0B9DC4A2E}.Release|Any CPU.ActiveCfg = Release|Any CPU
		{ABB92218-FB79-4BC0-9696-5FA0B9DC4A2E}.Release|Any CPU.Build.0 = Release|Any CPU
		{B6C47047-6C07-4A9A-990D-26DE857DD9A2}.Debug|Any CPU.ActiveCfg = Debug|Any CPU
		{B6C47047-6C07-4A9A-990D-26DE857DD9A2}.Debug|Any CPU.Build.0 = Debug|Any CPU
		{B6C47047-6C07-4A9A-990D-26DE857DD9A2}.Release|Any CPU.ActiveCfg = Release|Any CPU
		{B6C47047-6C07-4A9A-990D-26DE857DD9A2}.Release|Any CPU.Build.0 = Release|Any CPU
	EndGlobalSection
	GlobalSection(SolutionProperties) = preSolution
		HideSolutionNode = FALSE
	EndGlobalSection
	GlobalSection(ExtensibilityGlobals) = postSolution
		SolutionGuid = {A600BC52-C87B-483C-AFE6-82FCB3D23A8E}
	EndGlobalSection
EndGlobal
